// !$*UTF8*$!
{
	archiveVersion = 1;
	classes = {
	};
	objectVersion = 50;
	objects = {

/* Begin PBXBuildFile section */
		4D0DD1072374BA0E00A11F8D /* My_Extension.entitlements in Resources */ = {isa = PBXBuildFile; fileRef = 4D0DD1062374BA0E00A11F8D /* My_Extension.entitlements */; };
		4D0DD1092374BA0E00A11F8D /* AppDelegate.swift in Sources */ = {isa = PBXBuildFile; fileRef = 4D0DD1082374BA0E00A11F8D /* AppDelegate.swift */; };
		4D0DD10C2374BA0E00A11F8D /* Main.storyboard in Resources */ = {isa = PBXBuildFile; fileRef = 4D0DD10A2374BA0E00A11F8D /* Main.storyboard */; };
		4D0DD10E2374BA0E00A11F8D /* ViewController.swift in Sources */ = {isa = PBXBuildFile; fileRef = 4D0DD10D2374BA0E00A11F8D /* ViewController.swift */; };
		4D0DD1102374BA0F00A11F8D /* Assets.xcassets in Resources */ = {isa = PBXBuildFile; fileRef = 4D0DD10F2374BA0F00A11F8D /* Assets.xcassets */; };
		4D0DD1222374BA1000A11F8D /* My Extension Extension.appex in Embed App Extensions */ = {isa = PBXBuildFile; fileRef = 4D0DD1212374BA1000A11F8D /* My Extension Extension.appex */; settings = {ATTRIBUTES = (RemoveHeadersOnCopy, ); }; };
		4D0DD1272374BA1000A11F8D /* Cocoa.framework in Frameworks */ = {isa = PBXBuildFile; fileRef = 4D0DD1262374BA1000A11F8D /* Cocoa.framework */; };
		4D0DD12A2374BA1000A11F8D /* SafariExtensionHandler.swift in Sources */ = {isa = PBXBuildFile; fileRef = 4D0DD1292374BA1000A11F8D /* SafariExtensionHandler.swift */; };
		4D0DD12C2374BA1000A11F8D /* SafariExtensionViewController.swift in Sources */ = {isa = PBXBuildFile; fileRef = 4D0DD12B2374BA1000A11F8D /* SafariExtensionViewController.swift */; };
		4D0DD12F2374BA1000A11F8D /* SafariExtensionViewController.xib in Resources */ = {isa = PBXBuildFile; fileRef = 4D0DD12D2374BA1000A11F8D /* SafariExtensionViewController.xib */; };
		4D0DD1322374BA1000A11F8D /* script.js in Resources */ = {isa = PBXBuildFile; fileRef = 4D0DD1312374BA1000A11F8D /* script.js */; };
		4D0DD1342374BA1000A11F8D /* ToolbarItemIcon.pdf in Resources */ = {isa = PBXBuildFile; fileRef = 4D0DD1332374BA1000A11F8D /* ToolbarItemIcon.pdf */; };
		4D0DD144237B748B00A11F8D /* SudokuBoardParser.swift in Sources */ = {isa = PBXBuildFile; fileRef = 4D0DD143237B748B00A11F8D /* SudokuBoardParser.swift */; };
		4D0DD147237B789500A11F8D /* BoardParserTests.swift in Sources */ = {isa = PBXBuildFile; fileRef = 4D0DD146237B789500A11F8D /* BoardParserTests.swift */; };
		4D0DD151237C7CDB00A11F8D /* SudokuBoardParser.swift in Sources */ = {isa = PBXBuildFile; fileRef = 4D0DD143237B748B00A11F8D /* SudokuBoardParser.swift */; };
		4D0DD153237CCF7900A11F8D /* SudokuSolver.swift in Sources */ = {isa = PBXBuildFile; fileRef = 4D0DD152237CCF7900A11F8D /* SudokuSolver.swift */; };
		4D1814F523A2FF8F002E6385 /* SlitherlinkSolverTests.swift in Sources */ = {isa = PBXBuildFile; fileRef = 4D1814F423A2FF8F002E6385 /* SlitherlinkSolverTests.swift */; };
		4D4E6EBE23AAB21300C4E584 /* ABCPathBoard.swift in Sources */ = {isa = PBXBuildFile; fileRef = 4D4E6EBD23AAB21300C4E584 /* ABCPathBoard.swift */; };
		4D4E6EC023AAB22100C4E584 /* ABCPathBoardParser.swift in Sources */ = {isa = PBXBuildFile; fileRef = 4D4E6EBF23AAB22100C4E584 /* ABCPathBoardParser.swift */; };
		4D4E6EC223AAB23400C4E584 /* ABCPathSolver.swift in Sources */ = {isa = PBXBuildFile; fileRef = 4D4E6EC123AAB23400C4E584 /* ABCPathSolver.swift */; };
		4D4E6EC523AC337B00C4E584 /* ABCPathBoardParserTests.swift in Sources */ = {isa = PBXBuildFile; fileRef = 4D4E6EC423AC337B00C4E584 /* ABCPathBoardParserTests.swift */; };
		4D4E6EC623AC33BF00C4E584 /* ABCPathBoardParser.swift in Sources */ = {isa = PBXBuildFile; fileRef = 4D4E6EBF23AAB22100C4E584 /* ABCPathBoardParser.swift */; };
		4D4E6EC723AC33EF00C4E584 /* ABCPathSolver.swift in Sources */ = {isa = PBXBuildFile; fileRef = 4D4E6EC123AAB23400C4E584 /* ABCPathSolver.swift */; };
		4D4E6EC823AC343700C4E584 /* ABCPathBoard.swift in Sources */ = {isa = PBXBuildFile; fileRef = 4D4E6EBD23AAB21300C4E584 /* ABCPathBoard.swift */; };
		4D4F428623B154F100B3A8E9 /* BridgesBoard.swift in Sources */ = {isa = PBXBuildFile; fileRef = 4D4F428523B154F100B3A8E9 /* BridgesBoard.swift */; };
		4D4F428823B1550C00B3A8E9 /* BridgesBoardParser.swift in Sources */ = {isa = PBXBuildFile; fileRef = 4D4F428723B1550C00B3A8E9 /* BridgesBoardParser.swift */; };
		4D4F428A23B1552200B3A8E9 /* BridgesSolver.swift in Sources */ = {isa = PBXBuildFile; fileRef = 4D4F428923B1552200B3A8E9 /* BridgesSolver.swift */; };
		4D4F428D23B1741F00B3A8E9 /* BridgeBoardParserTests.swift in Sources */ = {isa = PBXBuildFile; fileRef = 4D4F428C23B1741F00B3A8E9 /* BridgeBoardParserTests.swift */; };
		4D4F428E23B1745F00B3A8E9 /* BridgesBoardParser.swift in Sources */ = {isa = PBXBuildFile; fileRef = 4D4F428723B1550C00B3A8E9 /* BridgesBoardParser.swift */; };
		4D4F428F23B1746300B3A8E9 /* BridgesBoard.swift in Sources */ = {isa = PBXBuildFile; fileRef = 4D4F428523B154F100B3A8E9 /* BridgesBoard.swift */; };
		4D4F429023B1746700B3A8E9 /* BridgesSolver.swift in Sources */ = {isa = PBXBuildFile; fileRef = 4D4F428923B1552200B3A8E9 /* BridgesSolver.swift */; };
		4D78C5B7238DF3C10032456A /* SlitherlinkBoard.swift in Sources */ = {isa = PBXBuildFile; fileRef = 4D78C5B6238DF3C10032456A /* SlitherlinkBoard.swift */; };
		4D78C5B9238DF4370032456A /* SlitherlinkBoardParser.swift in Sources */ = {isa = PBXBuildFile; fileRef = 4D78C5B8238DF4370032456A /* SlitherlinkBoardParser.swift */; };
		4D78C5BC238EF9E00032456A /* SlitherlinkBoardParserTests.swift in Sources */ = {isa = PBXBuildFile; fileRef = 4D78C5BB238EF9E00032456A /* SlitherlinkBoardParserTests.swift */; };
		4D78C5BD238EFA420032456A /* SlitherlinkBoardParser.swift in Sources */ = {isa = PBXBuildFile; fileRef = 4D78C5B8238DF4370032456A /* SlitherlinkBoardParser.swift */; };
		4D78C5BE238EFA460032456A /* SlitherlinkBoard.swift in Sources */ = {isa = PBXBuildFile; fileRef = 4D78C5B6238DF3C10032456A /* SlitherlinkBoard.swift */; };
		4D78C5C0238F0DC70032456A /* SlitherlinkSolver.swift in Sources */ = {isa = PBXBuildFile; fileRef = 4D78C5BF238F0DC70032456A /* SlitherlinkSolver.swift */; };
		4D78C5C1238F317B0032456A /* SlitherlinkSolver.swift in Sources */ = {isa = PBXBuildFile; fileRef = 4D78C5BF238F0DC70032456A /* SlitherlinkSolver.swift */; };
		4DB6D90B237DE617004B292E /* SolverTests.swift in Sources */ = {isa = PBXBuildFile; fileRef = 4DB6D90A237DE617004B292E /* SolverTests.swift */; };
		4DB6D90C237DE663004B292E /* SudokuSolver.swift in Sources */ = {isa = PBXBuildFile; fileRef = 4D0DD152237CCF7900A11F8D /* SudokuSolver.swift */; };
		4DB6D90F237F1095004B292E /* KillerSudokuSolver.swift in Sources */ = {isa = PBXBuildFile; fileRef = 4DB6D90E237F1095004B292E /* KillerSudokuSolver.swift */; };
		4DB6D910237F1095004B292E /* KillerSudokuSolver.swift in Sources */ = {isa = PBXBuildFile; fileRef = 4DB6D90E237F1095004B292E /* KillerSudokuSolver.swift */; };
		4DB6D912237F1F22004B292E /* KillerSudokuBoard.swift in Sources */ = {isa = PBXBuildFile; fileRef = 4DB6D911237F1F22004B292E /* KillerSudokuBoard.swift */; };
		4DB6D913237F1F22004B292E /* KillerSudokuBoard.swift in Sources */ = {isa = PBXBuildFile; fileRef = 4DB6D911237F1F22004B292E /* KillerSudokuBoard.swift */; };
		4DB6D915237F2CD9004B292E /* KillerSudokuBoardParser.swift in Sources */ = {isa = PBXBuildFile; fileRef = 4DB6D914237F2CD9004B292E /* KillerSudokuBoardParser.swift */; };
		4DB6D916237F2CD9004B292E /* KillerSudokuBoardParser.swift in Sources */ = {isa = PBXBuildFile; fileRef = 4DB6D914237F2CD9004B292E /* KillerSudokuBoardParser.swift */; };
		4DB6D919237F4D6D004B292E /* KillerSudokuBoardParserTests.swift in Sources */ = {isa = PBXBuildFile; fileRef = 4DB6D918237F4D6D004B292E /* KillerSudokuBoardParserTests.swift */; };
/* End PBXBuildFile section */

/* Begin PBXContainerItemProxy section */
		4D0DD1172374BA1000A11F8D /* PBXContainerItemProxy */ = {
			isa = PBXContainerItemProxy;
			containerPortal = 4D0DD0FB2374BA0E00A11F8D /* Project object */;
			proxyType = 1;
			remoteGlobalIDString = 4D0DD1022374BA0E00A11F8D;
			remoteInfo = "My Extension";
		};
		4D0DD1232374BA1000A11F8D /* PBXContainerItemProxy */ = {
			isa = PBXContainerItemProxy;
			containerPortal = 4D0DD0FB2374BA0E00A11F8D /* Project object */;
			proxyType = 1;
			remoteGlobalIDString = 4D0DD1202374BA1000A11F8D;
			remoteInfo = "My Extension Extension";
		};
		4D0DD148237B7DCD00A11F8D /* PBXContainerItemProxy */ = {
			isa = PBXContainerItemProxy;
			containerPortal = 4D0DD0FB2374BA0E00A11F8D /* Project object */;
			proxyType = 1;
			remoteGlobalIDString = 4D0DD1202374BA1000A11F8D;
			remoteInfo = "My Extension Extension";
		};
/* End PBXContainerItemProxy section */

/* Begin PBXCopyFilesBuildPhase section */
		4D0DD13B2374BA1000A11F8D /* Embed App Extensions */ = {
			isa = PBXCopyFilesBuildPhase;
			buildActionMask = 2147483647;
			dstPath = "";
			dstSubfolderSpec = 13;
			files = (
				4D0DD1222374BA1000A11F8D /* My Extension Extension.appex in Embed App Extensions */,
			);
			name = "Embed App Extensions";
			runOnlyForDeploymentPostprocessing = 0;
		};
/* End PBXCopyFilesBuildPhase section */

/* Begin PBXFileReference section */
		4D0DD1032374BA0E00A11F8D /* My Extension.app */ = {isa = PBXFileReference; explicitFileType = wrapper.application; includeInIndex = 0; path = "My Extension.app"; sourceTree = BUILT_PRODUCTS_DIR; };
		4D0DD1062374BA0E00A11F8D /* My_Extension.entitlements */ = {isa = PBXFileReference; lastKnownFileType = text.plist.entitlements; path = My_Extension.entitlements; sourceTree = "<group>"; };
		4D0DD1082374BA0E00A11F8D /* AppDelegate.swift */ = {isa = PBXFileReference; lastKnownFileType = sourcecode.swift; path = AppDelegate.swift; sourceTree = "<group>"; };
		4D0DD10B2374BA0E00A11F8D /* Base */ = {isa = PBXFileReference; lastKnownFileType = file.storyboard; name = Base; path = Base.lproj/Main.storyboard; sourceTree = "<group>"; };
		4D0DD10D2374BA0E00A11F8D /* ViewController.swift */ = {isa = PBXFileReference; lastKnownFileType = sourcecode.swift; path = ViewController.swift; sourceTree = "<group>"; };
		4D0DD10F2374BA0F00A11F8D /* Assets.xcassets */ = {isa = PBXFileReference; lastKnownFileType = folder.assetcatalog; path = Assets.xcassets; sourceTree = "<group>"; };
		4D0DD1112374BA0F00A11F8D /* Info.plist */ = {isa = PBXFileReference; lastKnownFileType = text.plist.xml; path = Info.plist; sourceTree = "<group>"; };
		4D0DD1162374BA1000A11F8D /* My ExtensionTests.xctest */ = {isa = PBXFileReference; explicitFileType = wrapper.cfbundle; includeInIndex = 0; path = "My ExtensionTests.xctest"; sourceTree = BUILT_PRODUCTS_DIR; };
		4D0DD11C2374BA1000A11F8D /* Info.plist */ = {isa = PBXFileReference; lastKnownFileType = text.plist.xml; path = Info.plist; sourceTree = "<group>"; };
		4D0DD1212374BA1000A11F8D /* My Extension Extension.appex */ = {isa = PBXFileReference; explicitFileType = "wrapper.app-extension"; includeInIndex = 0; path = "My Extension Extension.appex"; sourceTree = BUILT_PRODUCTS_DIR; };
		4D0DD1262374BA1000A11F8D /* Cocoa.framework */ = {isa = PBXFileReference; lastKnownFileType = wrapper.framework; name = Cocoa.framework; path = System/Library/Frameworks/Cocoa.framework; sourceTree = SDKROOT; };
		4D0DD1292374BA1000A11F8D /* SafariExtensionHandler.swift */ = {isa = PBXFileReference; lastKnownFileType = sourcecode.swift; path = SafariExtensionHandler.swift; sourceTree = "<group>"; };
		4D0DD12B2374BA1000A11F8D /* SafariExtensionViewController.swift */ = {isa = PBXFileReference; lastKnownFileType = sourcecode.swift; path = SafariExtensionViewController.swift; sourceTree = "<group>"; };
		4D0DD12E2374BA1000A11F8D /* Base */ = {isa = PBXFileReference; lastKnownFileType = file.xib; name = Base; path = Base.lproj/SafariExtensionViewController.xib; sourceTree = "<group>"; };
		4D0DD1302374BA1000A11F8D /* Info.plist */ = {isa = PBXFileReference; lastKnownFileType = text.plist.xml; path = Info.plist; sourceTree = "<group>"; };
		4D0DD1312374BA1000A11F8D /* script.js */ = {isa = PBXFileReference; lastKnownFileType = sourcecode.javascript; path = script.js; sourceTree = "<group>"; };
		4D0DD1332374BA1000A11F8D /* ToolbarItemIcon.pdf */ = {isa = PBXFileReference; lastKnownFileType = image.pdf; path = ToolbarItemIcon.pdf; sourceTree = "<group>"; };
		4D0DD1352374BA1000A11F8D /* My_Extension_Extension.entitlements */ = {isa = PBXFileReference; lastKnownFileType = text.plist.entitlements; path = My_Extension_Extension.entitlements; sourceTree = "<group>"; };
		4D0DD143237B748B00A11F8D /* SudokuBoardParser.swift */ = {isa = PBXFileReference; lastKnownFileType = sourcecode.swift; path = SudokuBoardParser.swift; sourceTree = "<group>"; };
		4D0DD146237B789500A11F8D /* BoardParserTests.swift */ = {isa = PBXFileReference; lastKnownFileType = sourcecode.swift; path = BoardParserTests.swift; sourceTree = "<group>"; };
		4D0DD152237CCF7900A11F8D /* SudokuSolver.swift */ = {isa = PBXFileReference; lastKnownFileType = sourcecode.swift; path = SudokuSolver.swift; sourceTree = "<group>"; };
		4D1814F423A2FF8F002E6385 /* SlitherlinkSolverTests.swift */ = {isa = PBXFileReference; lastKnownFileType = sourcecode.swift; path = SlitherlinkSolverTests.swift; sourceTree = "<group>"; };
		4D4E6EBD23AAB21300C4E584 /* ABCPathBoard.swift */ = {isa = PBXFileReference; lastKnownFileType = sourcecode.swift; path = ABCPathBoard.swift; sourceTree = "<group>"; };
		4D4E6EBF23AAB22100C4E584 /* ABCPathBoardParser.swift */ = {isa = PBXFileReference; lastKnownFileType = sourcecode.swift; path = ABCPathBoardParser.swift; sourceTree = "<group>"; };
		4D4E6EC123AAB23400C4E584 /* ABCPathSolver.swift */ = {isa = PBXFileReference; lastKnownFileType = sourcecode.swift; path = ABCPathSolver.swift; sourceTree = "<group>"; };
		4D4E6EC423AC337B00C4E584 /* ABCPathBoardParserTests.swift */ = {isa = PBXFileReference; lastKnownFileType = sourcecode.swift; path = ABCPathBoardParserTests.swift; sourceTree = "<group>"; };
		4D4F428523B154F100B3A8E9 /* BridgesBoard.swift */ = {isa = PBXFileReference; lastKnownFileType = sourcecode.swift; path = BridgesBoard.swift; sourceTree = "<group>"; };
		4D4F428723B1550C00B3A8E9 /* BridgesBoardParser.swift */ = {isa = PBXFileReference; lastKnownFileType = sourcecode.swift; path = BridgesBoardParser.swift; sourceTree = "<group>"; };
		4D4F428923B1552200B3A8E9 /* BridgesSolver.swift */ = {isa = PBXFileReference; lastKnownFileType = sourcecode.swift; path = BridgesSolver.swift; sourceTree = "<group>"; };
		4D4F428C23B1741F00B3A8E9 /* BridgeBoardParserTests.swift */ = {isa = PBXFileReference; lastKnownFileType = sourcecode.swift; path = BridgeBoardParserTests.swift; sourceTree = "<group>"; };
		4D78C5B6238DF3C10032456A /* SlitherlinkBoard.swift */ = {isa = PBXFileReference; lastKnownFileType = sourcecode.swift; path = SlitherlinkBoard.swift; sourceTree = "<group>"; };
		4D78C5B8238DF4370032456A /* SlitherlinkBoardParser.swift */ = {isa = PBXFileReference; lastKnownFileType = sourcecode.swift; path = SlitherlinkBoardParser.swift; sourceTree = "<group>"; };
		4D78C5BB238EF9E00032456A /* SlitherlinkBoardParserTests.swift */ = {isa = PBXFileReference; lastKnownFileType = sourcecode.swift; path = SlitherlinkBoardParserTests.swift; sourceTree = "<group>"; };
		4D78C5BF238F0DC70032456A /* SlitherlinkSolver.swift */ = {isa = PBXFileReference; lastKnownFileType = sourcecode.swift; path = SlitherlinkSolver.swift; sourceTree = "<group>"; };
		4DB6D90A237DE617004B292E /* SolverTests.swift */ = {isa = PBXFileReference; lastKnownFileType = sourcecode.swift; path = SolverTests.swift; sourceTree = "<group>"; };
		4DB6D90E237F1095004B292E /* KillerSudokuSolver.swift */ = {isa = PBXFileReference; lastKnownFileType = sourcecode.swift; path = KillerSudokuSolver.swift; sourceTree = "<group>"; };
		4DB6D911237F1F22004B292E /* KillerSudokuBoard.swift */ = {isa = PBXFileReference; lastKnownFileType = sourcecode.swift; path = KillerSudokuBoard.swift; sourceTree = "<group>"; };
		4DB6D914237F2CD9004B292E /* KillerSudokuBoardParser.swift */ = {isa = PBXFileReference; lastKnownFileType = sourcecode.swift; path = KillerSudokuBoardParser.swift; sourceTree = "<group>"; };
		4DB6D918237F4D6D004B292E /* KillerSudokuBoardParserTests.swift */ = {isa = PBXFileReference; lastKnownFileType = sourcecode.swift; path = KillerSudokuBoardParserTests.swift; sourceTree = "<group>"; };
/* End PBXFileReference section */

/* Begin PBXFrameworksBuildPhase section */
		4D0DD1002374BA0E00A11F8D /* Frameworks */ = {
			isa = PBXFrameworksBuildPhase;
			buildActionMask = 2147483647;
			files = (
			);
			runOnlyForDeploymentPostprocessing = 0;
		};
		4D0DD1132374BA1000A11F8D /* Frameworks */ = {
			isa = PBXFrameworksBuildPhase;
			buildActionMask = 2147483647;
			files = (
			);
			runOnlyForDeploymentPostprocessing = 0;
		};
		4D0DD11E2374BA1000A11F8D /* Frameworks */ = {
			isa = PBXFrameworksBuildPhase;
			buildActionMask = 2147483647;
			files = (
				4D0DD1272374BA1000A11F8D /* Cocoa.framework in Frameworks */,
			);
			runOnlyForDeploymentPostprocessing = 0;
		};
/* End PBXFrameworksBuildPhase section */

/* Begin PBXGroup section */
		4D0DD0FA2374BA0E00A11F8D = {
			isa = PBXGroup;
			children = (
				4D0DD1052374BA0E00A11F8D /* My Extension */,
				4D0DD1192374BA1000A11F8D /* My ExtensionTests */,
				4D0DD1282374BA1000A11F8D /* My Extension Extension */,
				4D0DD1252374BA1000A11F8D /* Frameworks */,
				4D0DD1042374BA0E00A11F8D /* Products */,
			);
			sourceTree = "<group>";
		};
		4D0DD1042374BA0E00A11F8D /* Products */ = {
			isa = PBXGroup;
			children = (
				4D0DD1032374BA0E00A11F8D /* My Extension.app */,
				4D0DD1162374BA1000A11F8D /* My ExtensionTests.xctest */,
				4D0DD1212374BA1000A11F8D /* My Extension Extension.appex */,
			);
			name = Products;
			sourceTree = "<group>";
		};
		4D0DD1052374BA0E00A11F8D /* My Extension */ = {
			isa = PBXGroup;
			children = (
				4D0DD1062374BA0E00A11F8D /* My_Extension.entitlements */,
				4D0DD1082374BA0E00A11F8D /* AppDelegate.swift */,
				4D0DD10A2374BA0E00A11F8D /* Main.storyboard */,
				4D0DD10D2374BA0E00A11F8D /* ViewController.swift */,
				4D0DD10F2374BA0F00A11F8D /* Assets.xcassets */,
				4D0DD1112374BA0F00A11F8D /* Info.plist */,
			);
			path = "My Extension";
			sourceTree = "<group>";
		};
		4D0DD1192374BA1000A11F8D /* My ExtensionTests */ = {
			isa = PBXGroup;
			children = (
				4D4F428B23B173F700B3A8E9 /* Bridges */,
				4D4E6EC323AC331200C4E584 /* ABCPath */,
				4D78C5BA238EF9C30032456A /* Slitherlink */,
				4DB6D917237F4D3E004B292E /* KillerSudoku */,
				4D0DD145237B785F00A11F8D /* Sudoku */,
				4D0DD11C2374BA1000A11F8D /* Info.plist */,
			);
			path = "My ExtensionTests";
			sourceTree = "<group>";
		};
		4D0DD1252374BA1000A11F8D /* Frameworks */ = {
			isa = PBXGroup;
			children = (
				4D0DD1262374BA1000A11F8D /* Cocoa.framework */,
			);
			name = Frameworks;
			sourceTree = "<group>";
		};
		4D0DD1282374BA1000A11F8D /* My Extension Extension */ = {
			isa = PBXGroup;
			children = (
				4D4F428423B154D700B3A8E9 /* Bridges */,
				4D4E6EBC23AAB1EF00C4E584 /* ABCPath */,
				4D78C5B5238DECDF0032456A /* Slitherlink */,
				4DB6D90D237F06AE004B292E /* KillerSudoku */,
				4D0DD142237B73BC00A11F8D /* Sudoku */,
				4D0DD1292374BA1000A11F8D /* SafariExtensionHandler.swift */,
				4D0DD12B2374BA1000A11F8D /* SafariExtensionViewController.swift */,
				4D0DD12D2374BA1000A11F8D /* SafariExtensionViewController.xib */,
				4D0DD1302374BA1000A11F8D /* Info.plist */,
				4D0DD1312374BA1000A11F8D /* script.js */,
				4D0DD1332374BA1000A11F8D /* ToolbarItemIcon.pdf */,
				4D0DD1352374BA1000A11F8D /* My_Extension_Extension.entitlements */,
			);
			path = "My Extension Extension";
			sourceTree = "<group>";
		};
		4D0DD142237B73BC00A11F8D /* Sudoku */ = {
			isa = PBXGroup;
			children = (
				4D0DD143237B748B00A11F8D /* SudokuBoardParser.swift */,
				4D0DD152237CCF7900A11F8D /* SudokuSolver.swift */,
			);
			path = Sudoku;
			sourceTree = "<group>";
		};
		4D0DD145237B785F00A11F8D /* Sudoku */ = {
			isa = PBXGroup;
			children = (
				4D0DD146237B789500A11F8D /* BoardParserTests.swift */,
				4DB6D90A237DE617004B292E /* SolverTests.swift */,
			);
			path = Sudoku;
			sourceTree = "<group>";
		};
		4D4E6EBC23AAB1EF00C4E584 /* ABCPath */ = {
			isa = PBXGroup;
			children = (
				4D4E6EBD23AAB21300C4E584 /* ABCPathBoard.swift */,
				4D4E6EBF23AAB22100C4E584 /* ABCPathBoardParser.swift */,
				4D4E6EC123AAB23400C4E584 /* ABCPathSolver.swift */,
			);
			path = ABCPath;
			sourceTree = "<group>";
		};
		4D4E6EC323AC331200C4E584 /* ABCPath */ = {
			isa = PBXGroup;
			children = (
				4D4E6EC423AC337B00C4E584 /* ABCPathBoardParserTests.swift */,
			);
			path = ABCPath;
			sourceTree = "<group>";
		};
		4D4F428423B154D700B3A8E9 /* Bridges */ = {
			isa = PBXGroup;
			children = (
				4D4F428523B154F100B3A8E9 /* BridgesBoard.swift */,
				4D4F428723B1550C00B3A8E9 /* BridgesBoardParser.swift */,
				4D4F428923B1552200B3A8E9 /* BridgesSolver.swift */,
			);
			path = Bridges;
			sourceTree = "<group>";
		};
		4D4F428B23B173F700B3A8E9 /* Bridges */ = {
			isa = PBXGroup;
			children = (
				4D4F428C23B1741F00B3A8E9 /* BridgeBoardParserTests.swift */,
			);
			path = Bridges;
			sourceTree = "<group>";
		};
		4D78C5B5238DECDF0032456A /* Slitherlink */ = {
			isa = PBXGroup;
			children = (
				4D78C5B6238DF3C10032456A /* SlitherlinkBoard.swift */,
				4D78C5B8238DF4370032456A /* SlitherlinkBoardParser.swift */,
				4D78C5BF238F0DC70032456A /* SlitherlinkSolver.swift */,
			);
			path = Slitherlink;
			sourceTree = "<group>";
		};
		4D78C5BA238EF9C30032456A /* Slitherlink */ = {
			isa = PBXGroup;
			children = (
				4D78C5BB238EF9E00032456A /* SlitherlinkBoardParserTests.swift */,
				4D1814F423A2FF8F002E6385 /* SlitherlinkSolverTests.swift */,
			);
			path = Slitherlink;
			sourceTree = "<group>";
		};
		4DB6D90D237F06AE004B292E /* KillerSudoku */ = {
			isa = PBXGroup;
			children = (
				4DB6D90E237F1095004B292E /* KillerSudokuSolver.swift */,
				4DB6D911237F1F22004B292E /* KillerSudokuBoard.swift */,
				4DB6D914237F2CD9004B292E /* KillerSudokuBoardParser.swift */,
			);
			path = KillerSudoku;
			sourceTree = "<group>";
		};
		4DB6D917237F4D3E004B292E /* KillerSudoku */ = {
			isa = PBXGroup;
			children = (
				4DB6D918237F4D6D004B292E /* KillerSudokuBoardParserTests.swift */,
			);
			path = KillerSudoku;
			sourceTree = "<group>";
		};
/* End PBXGroup section */

/* Begin PBXNativeTarget section */
		4D0DD1022374BA0E00A11F8D /* My Extension */ = {
			isa = PBXNativeTarget;
			buildConfigurationList = 4D0DD13C2374BA1000A11F8D /* Build configuration list for PBXNativeTarget "My Extension" */;
			buildPhases = (
				4D0DD0FF2374BA0E00A11F8D /* Sources */,
				4D0DD1002374BA0E00A11F8D /* Frameworks */,
				4D0DD1012374BA0E00A11F8D /* Resources */,
				4D0DD13B2374BA1000A11F8D /* Embed App Extensions */,
			);
			buildRules = (
			);
			dependencies = (
				4D0DD1242374BA1000A11F8D /* PBXTargetDependency */,
			);
			name = "My Extension";
			productName = "My Extension";
			productReference = 4D0DD1032374BA0E00A11F8D /* My Extension.app */;
			productType = "com.apple.product-type.application";
		};
		4D0DD1152374BA1000A11F8D /* My ExtensionTests */ = {
			isa = PBXNativeTarget;
			buildConfigurationList = 4D0DD13F2374BA1000A11F8D /* Build configuration list for PBXNativeTarget "My ExtensionTests" */;
			buildPhases = (
				4D0DD1122374BA1000A11F8D /* Sources */,
				4D0DD1132374BA1000A11F8D /* Frameworks */,
				4D0DD1142374BA1000A11F8D /* Resources */,
			);
			buildRules = (
			);
			dependencies = (
				4D0DD149237B7DCD00A11F8D /* PBXTargetDependency */,
				4D0DD1182374BA1000A11F8D /* PBXTargetDependency */,
			);
			name = "My ExtensionTests";
			productName = "My ExtensionTests";
			productReference = 4D0DD1162374BA1000A11F8D /* My ExtensionTests.xctest */;
			productType = "com.apple.product-type.bundle.unit-test";
		};
		4D0DD1202374BA1000A11F8D /* My Extension Extension */ = {
			isa = PBXNativeTarget;
			buildConfigurationList = 4D0DD1382374BA1000A11F8D /* Build configuration list for PBXNativeTarget "My Extension Extension" */;
			buildPhases = (
				4D0DD11D2374BA1000A11F8D /* Sources */,
				4D0DD11E2374BA1000A11F8D /* Frameworks */,
				4D0DD11F2374BA1000A11F8D /* Resources */,
			);
			buildRules = (
			);
			dependencies = (
			);
			name = "My Extension Extension";
			productName = "My Extension Extension";
			productReference = 4D0DD1212374BA1000A11F8D /* My Extension Extension.appex */;
			productType = "com.apple.product-type.app-extension";
		};
/* End PBXNativeTarget section */

/* Begin PBXProject section */
		4D0DD0FB2374BA0E00A11F8D /* Project object */ = {
			isa = PBXProject;
			attributes = {
				LastSwiftUpdateCheck = 1120;
				LastUpgradeCheck = 1120;
				ORGANIZATIONNAME = "Mark Dixon";
				TargetAttributes = {
					4D0DD1022374BA0E00A11F8D = {
						CreatedOnToolsVersion = 11.2;
					};
					4D0DD1152374BA1000A11F8D = {
						CreatedOnToolsVersion = 11.2;
					};
					4D0DD1202374BA1000A11F8D = {
						CreatedOnToolsVersion = 11.2;
					};
				};
			};
			buildConfigurationList = 4D0DD0FE2374BA0E00A11F8D /* Build configuration list for PBXProject "My Extension" */;
			compatibilityVersion = "Xcode 9.3";
			developmentRegion = en;
			hasScannedForEncodings = 0;
			knownRegions = (
				en,
				Base,
			);
			mainGroup = 4D0DD0FA2374BA0E00A11F8D;
			productRefGroup = 4D0DD1042374BA0E00A11F8D /* Products */;
			projectDirPath = "";
			projectRoot = "";
			targets = (
				4D0DD1022374BA0E00A11F8D /* My Extension */,
				4D0DD1152374BA1000A11F8D /* My ExtensionTests */,
				4D0DD1202374BA1000A11F8D /* My Extension Extension */,
			);
		};
/* End PBXProject section */

/* Begin PBXResourcesBuildPhase section */
		4D0DD1012374BA0E00A11F8D /* Resources */ = {
			isa = PBXResourcesBuildPhase;
			buildActionMask = 2147483647;
			files = (
				4D0DD1072374BA0E00A11F8D /* My_Extension.entitlements in Resources */,
				4D0DD1102374BA0F00A11F8D /* Assets.xcassets in Resources */,
				4D0DD10C2374BA0E00A11F8D /* Main.storyboard in Resources */,
			);
			runOnlyForDeploymentPostprocessing = 0;
		};
		4D0DD1142374BA1000A11F8D /* Resources */ = {
			isa = PBXResourcesBuildPhase;
			buildActionMask = 2147483647;
			files = (
			);
			runOnlyForDeploymentPostprocessing = 0;
		};
		4D0DD11F2374BA1000A11F8D /* Resources */ = {
			isa = PBXResourcesBuildPhase;
			buildActionMask = 2147483647;
			files = (
				4D0DD1342374BA1000A11F8D /* ToolbarItemIcon.pdf in Resources */,
				4D0DD12F2374BA1000A11F8D /* SafariExtensionViewController.xib in Resources */,
				4D0DD1322374BA1000A11F8D /* script.js in Resources */,
			);
			runOnlyForDeploymentPostprocessing = 0;
		};
/* End PBXResourcesBuildPhase section */

/* Begin PBXSourcesBuildPhase section */
		4D0DD0FF2374BA0E00A11F8D /* Sources */ = {
			isa = PBXSourcesBuildPhase;
			buildActionMask = 2147483647;
			files = (
				4D0DD10E2374BA0E00A11F8D /* ViewController.swift in Sources */,
				4D0DD1092374BA0E00A11F8D /* AppDelegate.swift in Sources */,
			);
			runOnlyForDeploymentPostprocessing = 0;
		};
		4D0DD1122374BA1000A11F8D /* Sources */ = {
			isa = PBXSourcesBuildPhase;
			buildActionMask = 2147483647;
			files = (
				4D0DD151237C7CDB00A11F8D /* SudokuBoardParser.swift in Sources */,
				4D78C5BD238EFA420032456A /* SlitherlinkBoardParser.swift in Sources */,
				4D4E6EC623AC33BF00C4E584 /* ABCPathBoardParser.swift in Sources */,
				4DB6D915237F2CD9004B292E /* KillerSudokuBoardParser.swift in Sources */,
				4D4F428E23B1745F00B3A8E9 /* BridgesBoardParser.swift in Sources */,
				4D4F428D23B1741F00B3A8E9 /* BridgeBoardParserTests.swift in Sources */,
				4DB6D90F237F1095004B292E /* KillerSudokuSolver.swift in Sources */,
				4D4E6EC823AC343700C4E584 /* ABCPathBoard.swift in Sources */,
				4D4F429023B1746700B3A8E9 /* BridgesSolver.swift in Sources */,
				4DB6D912237F1F22004B292E /* KillerSudokuBoard.swift in Sources */,
				4D4F428F23B1746300B3A8E9 /* BridgesBoard.swift in Sources */,
				4D78C5BE238EFA460032456A /* SlitherlinkBoard.swift in Sources */,
				4D78C5C1238F317B0032456A /* SlitherlinkSolver.swift in Sources */,
				4D0DD147237B789500A11F8D /* BoardParserTests.swift in Sources */,
				4DB6D90C237DE663004B292E /* SudokuSolver.swift in Sources */,
				4D4E6EC523AC337B00C4E584 /* ABCPathBoardParserTests.swift in Sources */,
				4DB6D90B237DE617004B292E /* SolverTests.swift in Sources */,
				4D4E6EC723AC33EF00C4E584 /* ABCPathSolver.swift in Sources */,
				4D78C5BC238EF9E00032456A /* SlitherlinkBoardParserTests.swift in Sources */,
				4D1814F523A2FF8F002E6385 /* SlitherlinkSolverTests.swift in Sources */,
				4DB6D919237F4D6D004B292E /* KillerSudokuBoardParserTests.swift in Sources */,
			);
			runOnlyForDeploymentPostprocessing = 0;
		};
		4D0DD11D2374BA1000A11F8D /* Sources */ = {
			isa = PBXSourcesBuildPhase;
			buildActionMask = 2147483647;
			files = (
				4D0DD144237B748B00A11F8D /* SudokuBoardParser.swift in Sources */,
				4DB6D916237F2CD9004B292E /* KillerSudokuBoardParser.swift in Sources */,
				4D78C5B7238DF3C10032456A /* SlitherlinkBoard.swift in Sources */,
				4D4E6EBE23AAB21300C4E584 /* ABCPathBoard.swift in Sources */,
				4D78C5B9238DF4370032456A /* SlitherlinkBoardParser.swift in Sources */,
				4D4F428823B1550C00B3A8E9 /* BridgesBoardParser.swift in Sources */,
				4D4F428623B154F100B3A8E9 /* BridgesBoard.swift in Sources */,
				4D4E6EC223AAB23400C4E584 /* ABCPathSolver.swift in Sources */,
				4D78C5C0238F0DC70032456A /* SlitherlinkSolver.swift in Sources */,
				4D4F428A23B1552200B3A8E9 /* BridgesSolver.swift in Sources */,
				4DB6D910237F1095004B292E /* KillerSudokuSolver.swift in Sources */,
				4DB6D913237F1F22004B292E /* KillerSudokuBoard.swift in Sources */,
				4D0DD12C2374BA1000A11F8D /* SafariExtensionViewController.swift in Sources */,
				4D0DD153237CCF7900A11F8D /* SudokuSolver.swift in Sources */,
				4D0DD12A2374BA1000A11F8D /* SafariExtensionHandler.swift in Sources */,
				4D4E6EC023AAB22100C4E584 /* ABCPathBoardParser.swift in Sources */,
			);
			runOnlyForDeploymentPostprocessing = 0;
		};
/* End PBXSourcesBuildPhase section */

/* Begin PBXTargetDependency section */
		4D0DD1182374BA1000A11F8D /* PBXTargetDependency */ = {
			isa = PBXTargetDependency;
			target = 4D0DD1022374BA0E00A11F8D /* My Extension */;
			targetProxy = 4D0DD1172374BA1000A11F8D /* PBXContainerItemProxy */;
		};
		4D0DD1242374BA1000A11F8D /* PBXTargetDependency */ = {
			isa = PBXTargetDependency;
			target = 4D0DD1202374BA1000A11F8D /* My Extension Extension */;
			targetProxy = 4D0DD1232374BA1000A11F8D /* PBXContainerItemProxy */;
		};
		4D0DD149237B7DCD00A11F8D /* PBXTargetDependency */ = {
			isa = PBXTargetDependency;
			target = 4D0DD1202374BA1000A11F8D /* My Extension Extension */;
			targetProxy = 4D0DD148237B7DCD00A11F8D /* PBXContainerItemProxy */;
		};
/* End PBXTargetDependency section */

/* Begin PBXVariantGroup section */
		4D0DD10A2374BA0E00A11F8D /* Main.storyboard */ = {
			isa = PBXVariantGroup;
			children = (
				4D0DD10B2374BA0E00A11F8D /* Base */,
			);
			name = Main.storyboard;
			sourceTree = "<group>";
		};
		4D0DD12D2374BA1000A11F8D /* SafariExtensionViewController.xib */ = {
			isa = PBXVariantGroup;
			children = (
				4D0DD12E2374BA1000A11F8D /* Base */,
			);
			name = SafariExtensionViewController.xib;
			sourceTree = "<group>";
		};
/* End PBXVariantGroup section */

/* Begin XCBuildConfiguration section */
		4D0DD1362374BA1000A11F8D /* Debug */ = {
			isa = XCBuildConfiguration;
			buildSettings = {
				ALWAYS_SEARCH_USER_PATHS = NO;
				CLANG_ANALYZER_NONNULL = YES;
				CLANG_ANALYZER_NUMBER_OBJECT_CONVERSION = YES_AGGRESSIVE;
				CLANG_CXX_LANGUAGE_STANDARD = "gnu++14";
				CLANG_CXX_LIBRARY = "libc++";
				CLANG_ENABLE_MODULES = YES;
				CLANG_ENABLE_OBJC_ARC = YES;
				CLANG_ENABLE_OBJC_WEAK = YES;
				CLANG_WARN_BLOCK_CAPTURE_AUTORELEASING = YES;
				CLANG_WARN_BOOL_CONVERSION = YES;
				CLANG_WARN_COMMA = YES;
				CLANG_WARN_CONSTANT_CONVERSION = YES;
				CLANG_WARN_DEPRECATED_OBJC_IMPLEMENTATIONS = YES;
				CLANG_WARN_DIRECT_OBJC_ISA_USAGE = YES_ERROR;
				CLANG_WARN_DOCUMENTATION_COMMENTS = YES;
				CLANG_WARN_EMPTY_BODY = YES;
				CLANG_WARN_ENUM_CONVERSION = YES;
				CLANG_WARN_INFINITE_RECURSION = YES;
				CLANG_WARN_INT_CONVERSION = YES;
				CLANG_WARN_NON_LITERAL_NULL_CONVERSION = YES;
				CLANG_WARN_OBJC_IMPLICIT_RETAIN_SELF = YES;
				CLANG_WARN_OBJC_LITERAL_CONVERSION = YES;
				CLANG_WARN_OBJC_ROOT_CLASS = YES_ERROR;
				CLANG_WARN_RANGE_LOOP_ANALYSIS = YES;
				CLANG_WARN_STRICT_PROTOTYPES = YES;
				CLANG_WARN_SUSPICIOUS_MOVE = YES;
				CLANG_WARN_UNGUARDED_AVAILABILITY = YES_AGGRESSIVE;
				CLANG_WARN_UNREACHABLE_CODE = YES;
				CLANG_WARN__DUPLICATE_METHOD_MATCH = YES;
				COPY_PHASE_STRIP = NO;
				DEBUG_INFORMATION_FORMAT = dwarf;
				ENABLE_STRICT_OBJC_MSGSEND = YES;
				ENABLE_TESTABILITY = YES;
				GCC_C_LANGUAGE_STANDARD = gnu11;
				GCC_DYNAMIC_NO_PIC = NO;
				GCC_NO_COMMON_BLOCKS = YES;
				GCC_OPTIMIZATION_LEVEL = 0;
				GCC_PREPROCESSOR_DEFINITIONS = (
					"DEBUG=1",
					"$(inherited)",
				);
				GCC_WARN_64_TO_32_BIT_CONVERSION = YES;
				GCC_WARN_ABOUT_RETURN_TYPE = YES_ERROR;
				GCC_WARN_UNDECLARED_SELECTOR = YES;
				GCC_WARN_UNINITIALIZED_AUTOS = YES_AGGRESSIVE;
				GCC_WARN_UNUSED_FUNCTION = YES;
				GCC_WARN_UNUSED_VARIABLE = YES;
				MACOSX_DEPLOYMENT_TARGET = 10.15;
				MTL_ENABLE_DEBUG_INFO = INCLUDE_SOURCE;
				MTL_FAST_MATH = YES;
				ONLY_ACTIVE_ARCH = YES;
				SDKROOT = macosx;
				SWIFT_ACTIVE_COMPILATION_CONDITIONS = DEBUG;
				SWIFT_OPTIMIZATION_LEVEL = "-Onone";
			};
			name = Debug;
		};
		4D0DD1372374BA1000A11F8D /* Release */ = {
			isa = XCBuildConfiguration;
			buildSettings = {
				ALWAYS_SEARCH_USER_PATHS = NO;
				CLANG_ANALYZER_NONNULL = YES;
				CLANG_ANALYZER_NUMBER_OBJECT_CONVERSION = YES_AGGRESSIVE;
				CLANG_CXX_LANGUAGE_STANDARD = "gnu++14";
				CLANG_CXX_LIBRARY = "libc++";
				CLANG_ENABLE_MODULES = YES;
				CLANG_ENABLE_OBJC_ARC = YES;
				CLANG_ENABLE_OBJC_WEAK = YES;
				CLANG_WARN_BLOCK_CAPTURE_AUTORELEASING = YES;
				CLANG_WARN_BOOL_CONVERSION = YES;
				CLANG_WARN_COMMA = YES;
				CLANG_WARN_CONSTANT_CONVERSION = YES;
				CLANG_WARN_DEPRECATED_OBJC_IMPLEMENTATIONS = YES;
				CLANG_WARN_DIRECT_OBJC_ISA_USAGE = YES_ERROR;
				CLANG_WARN_DOCUMENTATION_COMMENTS = YES;
				CLANG_WARN_EMPTY_BODY = YES;
				CLANG_WARN_ENUM_CONVERSION = YES;
				CLANG_WARN_INFINITE_RECURSION = YES;
				CLANG_WARN_INT_CONVERSION = YES;
				CLANG_WARN_NON_LITERAL_NULL_CONVERSION = YES;
				CLANG_WARN_OBJC_IMPLICIT_RETAIN_SELF = YES;
				CLANG_WARN_OBJC_LITERAL_CONVERSION = YES;
				CLANG_WARN_OBJC_ROOT_CLASS = YES_ERROR;
				CLANG_WARN_RANGE_LOOP_ANALYSIS = YES;
				CLANG_WARN_STRICT_PROTOTYPES = YES;
				CLANG_WARN_SUSPICIOUS_MOVE = YES;
				CLANG_WARN_UNGUARDED_AVAILABILITY = YES_AGGRESSIVE;
				CLANG_WARN_UNREACHABLE_CODE = YES;
				CLANG_WARN__DUPLICATE_METHOD_MATCH = YES;
				COPY_PHASE_STRIP = NO;
				DEBUG_INFORMATION_FORMAT = "dwarf-with-dsym";
				ENABLE_NS_ASSERTIONS = NO;
				ENABLE_STRICT_OBJC_MSGSEND = YES;
				GCC_C_LANGUAGE_STANDARD = gnu11;
				GCC_NO_COMMON_BLOCKS = YES;
				GCC_WARN_64_TO_32_BIT_CONVERSION = YES;
				GCC_WARN_ABOUT_RETURN_TYPE = YES_ERROR;
				GCC_WARN_UNDECLARED_SELECTOR = YES;
				GCC_WARN_UNINITIALIZED_AUTOS = YES_AGGRESSIVE;
				GCC_WARN_UNUSED_FUNCTION = YES;
				GCC_WARN_UNUSED_VARIABLE = YES;
				MACOSX_DEPLOYMENT_TARGET = 10.15;
				MTL_ENABLE_DEBUG_INFO = NO;
				MTL_FAST_MATH = YES;
				SDKROOT = macosx;
				SWIFT_COMPILATION_MODE = wholemodule;
				SWIFT_OPTIMIZATION_LEVEL = "-O";
			};
			name = Release;
		};
		4D0DD1392374BA1000A11F8D /* Debug */ = {
			isa = XCBuildConfiguration;
			buildSettings = {
				CODE_SIGN_ENTITLEMENTS = "My Extension Extension/My_Extension_Extension.entitlements";
				CODE_SIGN_STYLE = Automatic;
				INFOPLIST_FILE = "My Extension Extension/Info.plist";
				LD_RUNPATH_SEARCH_PATHS = (
					"$(inherited)",
					"@executable_path/../Frameworks",
					"@executable_path/../../../../Frameworks",
				);
				PRODUCT_BUNDLE_IDENTIFIER = "com.teamstudio.My-Extension-Extension";
				PRODUCT_NAME = "$(TARGET_NAME)";
				SKIP_INSTALL = YES;
				SWIFT_VERSION = 5.0;
			};
			name = Debug;
		};
		4D0DD13A2374BA1000A11F8D /* Release */ = {
			isa = XCBuildConfiguration;
			buildSettings = {
				CODE_SIGN_ENTITLEMENTS = "My Extension Extension/My_Extension_Extension.entitlements";
				CODE_SIGN_STYLE = Automatic;
				INFOPLIST_FILE = "My Extension Extension/Info.plist";
				LD_RUNPATH_SEARCH_PATHS = (
					"$(inherited)",
					"@executable_path/../Frameworks",
					"@executable_path/../../../../Frameworks",
				);
				PRODUCT_BUNDLE_IDENTIFIER = "com.teamstudio.My-Extension-Extension";
				PRODUCT_NAME = "$(TARGET_NAME)";
				SKIP_INSTALL = YES;
				SWIFT_VERSION = 5.0;
			};
			name = Release;
		};
		4D0DD13D2374BA1000A11F8D /* Debug */ = {
			isa = XCBuildConfiguration;
			buildSettings = {
				ALWAYS_EMBED_SWIFT_STANDARD_LIBRARIES = YES;
				ASSETCATALOG_COMPILER_APPICON_NAME = AppIcon;
				CODE_SIGN_ENTITLEMENTS = "My Extension/My_Extension.entitlements";
				CODE_SIGN_STYLE = Automatic;
				COMBINE_HIDPI_IMAGES = YES;
				INFOPLIST_FILE = "My Extension/Info.plist";
				LD_RUNPATH_SEARCH_PATHS = (
					"$(inherited)",
					"@executable_path/../Frameworks",
				);
				PRODUCT_BUNDLE_IDENTIFIER = "com.teamstudio.My-Extension";
				PRODUCT_NAME = "$(TARGET_NAME)";
				SWIFT_VERSION = 5.0;
			};
			name = Debug;
		};
		4D0DD13E2374BA1000A11F8D /* Release */ = {
			isa = XCBuildConfiguration;
			buildSettings = {
				ALWAYS_EMBED_SWIFT_STANDARD_LIBRARIES = YES;
				ASSETCATALOG_COMPILER_APPICON_NAME = AppIcon;
				CODE_SIGN_ENTITLEMENTS = "My Extension/My_Extension.entitlements";
				CODE_SIGN_STYLE = Automatic;
				COMBINE_HIDPI_IMAGES = YES;
				INFOPLIST_FILE = "My Extension/Info.plist";
				LD_RUNPATH_SEARCH_PATHS = (
					"$(inherited)",
					"@executable_path/../Frameworks",
				);
				PRODUCT_BUNDLE_IDENTIFIER = "com.teamstudio.My-Extension";
				PRODUCT_NAME = "$(TARGET_NAME)";
				SWIFT_VERSION = 5.0;
			};
			name = Release;
		};
		4D0DD1402374BA1000A11F8D /* Debug */ = {
			isa = XCBuildConfiguration;
			buildSettings = {
				ALWAYS_EMBED_SWIFT_STANDARD_LIBRARIES = YES;
				"BUNDLE_LOADER[arch=*]" = "";
				CODE_SIGN_STYLE = Automatic;
				COMBINE_HIDPI_IMAGES = YES;
				INFOPLIST_FILE = "My ExtensionTests/Info.plist";
				LD_RUNPATH_SEARCH_PATHS = (
					"$(inherited)",
					"@executable_path/../Frameworks",
					"@loader_path/../Frameworks",
				);
				MACOSX_DEPLOYMENT_TARGET = 10.15;
				PRODUCT_BUNDLE_IDENTIFIER = "com.teamstudio.My-ExtensionTests";
				PRODUCT_NAME = "$(TARGET_NAME)";
				SWIFT_VERSION = 5.0;
			};
			name = Debug;
		};
		4D0DD1412374BA1000A11F8D /* Release */ = {
			isa = XCBuildConfiguration;
			buildSettings = {
				ALWAYS_EMBED_SWIFT_STANDARD_LIBRARIES = YES;
				CODE_SIGN_STYLE = Automatic;
				COMBINE_HIDPI_IMAGES = YES;
				INFOPLIST_FILE = "My ExtensionTests/Info.plist";
				LD_RUNPATH_SEARCH_PATHS = (
					"$(inherited)",
					"@executable_path/../Frameworks",
					"@loader_path/../Frameworks",
				);
				MACOSX_DEPLOYMENT_TARGET = 10.15;
				PRODUCT_BUNDLE_IDENTIFIER = "com.teamstudio.My-ExtensionTests";
				PRODUCT_NAME = "$(TARGET_NAME)";
				SWIFT_VERSION = 5.0;
			};
			name = Release;
		};
/* End XCBuildConfiguration section */

/* Begin XCConfigurationList section */
		4D0DD0FE2374BA0E00A11F8D /* Build configuration list for PBXProject "My Extension" */ = {
			isa = XCConfigurationList;
			buildConfigurations = (
				4D0DD1362374BA1000A11F8D /* Debug */,
				4D0DD1372374BA1000A11F8D /* Release */,
			);
			defaultConfigurationIsVisible = 0;
			defaultConfigurationName = Release;
		};
		4D0DD1382374BA1000A11F8D /* Build configuration list for PBXNativeTarget "My Extension Extension" */ = {
			isa = XCConfigurationList;
			buildConfigurations = (
				4D0DD1392374BA1000A11F8D /* Debug */,
				4D0DD13A2374BA1000A11F8D /* Release */,
			);
			defaultConfigurationIsVisible = 0;
			defaultConfigurationName = Release;
		};
		4D0DD13C2374BA1000A11F8D /* Build configuration list for PBXNativeTarget "My Extension" */ = {
			isa = XCConfigurationList;
			buildConfigurations = (
				4D0DD13D2374BA1000A11F8D /* Debug */,
				4D0DD13E2374BA1000A11F8D /* Release */,
			);
			defaultConfigurationIsVisible = 0;
			defaultConfigurationName = Release;
		};
		4D0DD13F2374BA1000A11F8D /* Build configuration list for PBXNativeTarget "My ExtensionTests" */ = {
			isa = XCConfigurationList;
			buildConfigurations = (
				4D0DD1402374BA1000A11F8D /* Debug */,
				4D0DD1412374BA1000A11F8D /* Release */,
			);
			defaultConfigurationIsVisible = 0;
			defaultConfigurationName = Release;
		};
/* End XCConfigurationList section */
	};
	rootObject = 4D0DD0FB2374BA0E00A11F8D /* Project object */;
}
